
Microsoft Visual Studio Solution File, Format Version 12.00
# Visual Studio Version 17
VisualStudioVersion = 17.4.33205.214
MinimumVisualStudioVersion = 10.0.40219.1
Project("{FAE04EC0-301F-11D3-BF4B-00C04F79EFBC}") = "Collection_Demo", "Collection_Demo.csproj", "{B8D8A42D-2035-4D6E-BE34-10AFBC1B5DBC}"
EndProject
Global
	GlobalSection(SolutionConfigurationPlatforms) = preSolution
		Debug|Any CPU = Debug|Any CPU
		Release|Any CPU = Release|Any CPU
	EndGlobalSection
	GlobalSection(ProjectConfigurationPlatforms) = postSolution
		{B8D8A42D-2035-4D6E-BE34-10AFBC1B5DBC}.Debug|Any CPU.ActiveCfg = Debug|Any CPU
		{B8D8A42D-2035-4D6E-BE34-10AFBC1B5DBC}.Debug|Any CPU.Build.0 = Debug|Any CPU
		{B8D8A42D-2035-4D6E-BE34-10AFBC1B5DBC}.Release|Any CPU.ActiveCfg = Release|Any CPU
		{B8D8A42D-2035-4D6E-BE34-10AFBC1B5DBC}.Release|Any CPU.Build.0 = Release|Any CPU
	EndGlobalSection
	GlobalSection(SolutionProperties) = preSolution
		HideSolutionNode = FALSE
	EndGlobalSection
	GlobalSection(ExtensibilityGlobals) = postSolution
		SolutionGuid = {2AB7C991-30BF-4166-A9E4-CA4B94F38918}
	EndGlobalSection
EndGlobal
